
Microsoft Visual Studio Solution File, Format Version 12.00
# Visual Studio Version 17
VisualStudioVersion = 17.5.33424.131
MinimumVisualStudioVersion = 10.0.40219.1
Project("{FAE04EC0-301F-11D3-BF4B-00C04F79EFBC}") = "AutoFileMover-using-CSharp", "AutoFileMover-using-CSharp\AutoFileMover-using-CSharp.csproj", "{6BBA67A5-1635-47B1-B52E-458DFA8E2A8D}"
EndProject
Global
	GlobalSection(SolutionConfigurationPlatforms) = preSolution
		Debug|Any CPU = Debug|Any CPU
		Release|Any CPU = Release|Any CPU
	EndGlobalSection
	GlobalSection(ProjectConfigurationPlatforms) = postSolution
		{6BBA67A5-1635-47B1-B52E-458DFA8E2A8D}.Debug|Any CPU.ActiveCfg = Debug|Any CPU
		{6BBA67A5-1635-47B1-B52E-458DFA8E2A8D}.Debug|Any CPU.Build.0 = Debug|Any CPU
		{6BBA67A5-1635-47B1-B52E-458DFA8E2A8D}.Release|Any CPU.ActiveCfg = Release|Any CPU
		{6BBA67A5-1635-47B1-B52E-458DFA8E2A8D}.Release|Any CPU.Build.0 = Release|Any CPU
	EndGlobalSection
	GlobalSection(SolutionProperties) = preSolution
		HideSolutionNode = FALSE
	EndGlobalSection
	GlobalSection(ExtensibilityGlobals) = postSolution
		SolutionGuid = {1C5A864D-1CC7-4563-9F6E-ACCF091414C4}
	EndGlobalSection
EndGlobal
